{
  "name": "@hermis/solana-headless-core",
  "version": "1.1.2",
  "lockfileVersion": 3,
  "requires": true,
  "packages": {
    "": {
      "name": "@hermis/solana-headless-core",
      "version": "1.1.2",
      "license": "Apache-2.0",
      "dependencies": {
        "@noble/ed25519": "^2.2.3",
        "@noble/hashes": "^2.0.1",
        "@solana/kit": "^3.0.2",
        "@solana/spl-token": "^0.4.13",
        "@solana/wallet-adapter-base": "^0.9.23",
        "@solana/web3.js": "^1.98.0",
        "bs58": "^6.0.0",
        "buffer": "^6.0.3"
      },
      "devDependencies": {
        "@hermis/solana-headless-format-config": "^1.0.5",
        "@types/node": "^22.13.8",
        "tsup": "^8.0.0"
      }
    },
    "../../node_modules/.pnpm/@hermis+solana-headless-format-config@1.0.5/node_modules/@hermis/solana-headless-format-config": {
      "version": "1.0.5",
      "dev": true,
      "license": "ISC"
    },
    "../../node_modules/.pnpm/@noble+ed25519@2.3.0/node_modules/@noble/ed25519": {
      "version": "2.3.0",
      "license": "MIT",
      "devDependencies": {
        "@noble/hashes": "2.0.0-beta.1",
        "@paulmillr/jsbt": "0.4.1",
        "@types/node": "24.0.0",
        "fast-check": "4.1.1",
        "micro-bmark": "0.4.2",
        "micro-should": "0.5.3",
        "prettier": "3.5.3",
        "typescript": "5.8.3"
      },
      "funding": {
        "url": "https://paulmillr.com/funding/"
      }
    },
    "../../node_modules/.pnpm/@solana+kit@3.0.2_fastestsmallesttextencoderdecoder@1.0.22_typescript@5.9.2_ws@8.18.3_b_2318f1d82c8e2987dccf7446baa1e5f0/node_modules/@solana/kit": {
      "version": "3.0.2",
      "license": "MIT",
      "dependencies": {
        "@solana/accounts": "3.0.2",
        "@solana/addresses": "3.0.2",
        "@solana/codecs": "3.0.2",
        "@solana/errors": "3.0.2",
        "@solana/functional": "3.0.2",
        "@solana/instruction-plans": "3.0.2",
        "@solana/instructions": "3.0.2",
        "@solana/keys": "3.0.2",
        "@solana/programs": "3.0.2",
        "@solana/rpc": "3.0.2",
        "@solana/rpc-parsed-types": "3.0.2",
        "@solana/rpc-spec-types": "3.0.2",
        "@solana/rpc-subscriptions": "3.0.2",
        "@solana/rpc-types": "3.0.2",
        "@solana/signers": "3.0.2",
        "@solana/sysvars": "3.0.2",
        "@solana/transaction-confirmation": "3.0.2",
        "@solana/transaction-messages": "3.0.2",
        "@solana/transactions": "3.0.2"
      },
      "engines": {
        "node": ">=20.18.0"
      },
      "peerDependencies": {
        "typescript": ">=5.3.3"
      }
    },
    "../../node_modules/.pnpm/@solana+spl-token@0.4.14_@solana+web3.js@1.98.4_bufferutil@4.0.9_typescript@5.9.2_utf-8_bd81476f4b8d1dde3aeb159c73021f82/node_modules/@solana/spl-token": {
      "version": "0.4.14",
      "license": "Apache-2.0",
      "dependencies": {
        "@solana/buffer-layout": "^4.0.0",
        "@solana/buffer-layout-utils": "^0.2.0",
        "@solana/spl-token-group": "^0.0.7",
        "@solana/spl-token-metadata": "^0.1.6",
        "buffer": "^6.0.3"
      },
      "devDependencies": {
        "@solana/codecs-strings": "3.0.1",
        "@solana/prettier-config-solana": "0.0.5",
        "@solana/spl-memo": "0.2.5",
        "@solana/web3.js": "^1.95.5",
        "@types/chai": "^5.0.1",
        "@types/chai-as-promised": "^8.0.1",
        "@types/mocha": "^10.0.10",
        "@types/node": "^24.0.0",
        "@types/node-fetch": "^2.6.12",
        "@typescript-eslint/eslint-plugin": "^8.4.0",
        "@typescript-eslint/parser": "^8.4.0",
        "chai": "^5.1.2",
        "chai-as-promised": "^8.0.1",
        "eslint": "^8.57.0",
        "eslint-config-prettier": "^10.0.1",
        "eslint-plugin-prettier": "^5.2.1",
        "eslint-plugin-require-extensions": "^0.1.1",
        "gh-pages": "^6.3.0",
        "mocha": "^11.0.1",
        "prettier": "^3.4.2",
        "process": "^0.11.10",
        "shx": "^0.4.0",
        "ts-node": "^10.9.2",
        "typedoc": "^0.28.0",
        "typescript": "^5.7.2"
      },
      "engines": {
        "node": ">=16"
      },
      "peerDependencies": {
        "@solana/web3.js": "^1.95.5"
      }
    },
    "../../node_modules/.pnpm/@solana+wallet-adapter-base@0.9.27_@solana+web3.js@1.98.4_bufferutil@4.0.9_typescript@5.9.2_utf-8-validate@5.0.10_/node_modules/@solana/wallet-adapter-base": {
      "version": "0.9.27",
      "license": "Apache-2.0",
      "dependencies": {
        "@solana/wallet-standard-features": "^1.3.0",
        "@wallet-standard/base": "^1.1.0",
        "@wallet-standard/features": "^1.1.0",
        "eventemitter3": "^5.0.1"
      },
      "devDependencies": {
        "@solana/web3.js": "^1.98.2",
        "@types/node-fetch": "^2.6.12",
        "shx": "^0.4.0"
      },
      "engines": {
        "node": ">=20"
      },
      "peerDependencies": {
        "@solana/web3.js": "^1.98.0"
      }
    },
    "../../node_modules/.pnpm/@solana+web3.js@1.98.4_bufferutil@4.0.9_typescript@5.9.2_utf-8-validate@5.0.10/node_modules/@solana/web3.js": {
      "version": "1.98.4",
      "license": "MIT",
      "dependencies": {
        "@babel/runtime": "^7.25.0",
        "@noble/curves": "^1.4.2",
        "@noble/hashes": "^1.4.0",
        "@solana/buffer-layout": "^4.0.1",
        "@solana/codecs-numbers": "^2.1.0",
        "agentkeepalive": "^4.5.0",
        "bn.js": "^5.2.1",
        "borsh": "^0.7.0",
        "bs58": "^4.0.1",
        "buffer": "6.0.3",
        "fast-stable-stringify": "^1.0.0",
        "jayson": "^4.1.1",
        "node-fetch": "^2.7.0",
        "rpc-websockets": "^9.0.2",
        "superstruct": "^2.0.2"
      }
    },
    "../../node_modules/.pnpm/@types+node@22.18.1/node_modules/@types/node": {
      "version": "22.18.1",
      "dev": true,
      "license": "MIT",
      "dependencies": {
        "undici-types": "~6.21.0"
      }
    },
    "../../node_modules/.pnpm/buffer@6.0.3/node_modules/buffer": {
      "version": "6.0.3",
      "funding": [
        {
          "type": "github",
          "url": "https://github.com/sponsors/feross"
        },
        {
          "type": "patreon",
          "url": "https://www.patreon.com/feross"
        },
        {
          "type": "consulting",
          "url": "https://feross.org/support"
        }
      ],
      "license": "MIT",
      "dependencies": {
        "base64-js": "^1.3.1",
        "ieee754": "^1.2.1"
      },
      "devDependencies": {
        "airtap": "^3.0.0",
        "benchmark": "^2.1.4",
        "browserify": "^17.0.0",
        "concat-stream": "^2.0.0",
        "hyperquest": "^2.1.3",
        "is-buffer": "^2.0.5",
        "is-nan": "^1.3.0",
        "split": "^1.0.1",
        "standard": "*",
        "tape": "^5.0.1",
        "through2": "^4.0.2",
        "uglify-js": "^3.11.5"
      }
    },
    "../../node_modules/.pnpm/tsup@8.5.0_@swc+core@1.13.5_@swc+helpers@0.5.17__postcss@8.5.6_typescript@5.9.2/node_modules/tsup": {
      "version": "8.5.0",
      "dev": true,
      "license": "MIT",
      "dependencies": {
        "bundle-require": "^5.1.0",
        "cac": "^6.7.14",
        "chokidar": "^4.0.3",
        "consola": "^3.4.0",
        "debug": "^4.4.0",
        "esbuild": "^0.25.0",
        "fix-dts-default-cjs-exports": "^1.0.0",
        "joycon": "^3.1.1",
        "picocolors": "^1.1.1",
        "postcss-load-config": "^6.0.1",
        "resolve-from": "^5.0.0",
        "rollup": "^4.34.8",
        "source-map": "0.8.0-beta.0",
        "sucrase": "^3.35.0",
        "tinyexec": "^0.3.2",
        "tinyglobby": "^0.2.11",
        "tree-kill": "^1.2.2"
      },
      "bin": {
        "tsup": "dist/cli-default.js",
        "tsup-node": "dist/cli-node.js"
      },
      "devDependencies": {
        "@microsoft/api-extractor": "^7.50.0",
        "@rollup/plugin-json": "6.1.0",
        "@swc/core": "1.10.18",
        "@types/debug": "4.1.12",
        "@types/node": "22.13.4",
        "@types/resolve": "1.20.6",
        "bumpp": "^10.0.3",
        "flat": "6.0.1",
        "postcss": "8.5.2",
        "postcss-simple-vars": "7.0.1",
        "prettier": "3.5.1",
        "resolve": "1.22.10",
        "rollup-plugin-dts": "6.1.1",
        "sass": "1.85.0",
        "strip-json-comments": "5.0.1",
        "svelte": "5.19.9",
        "svelte-preprocess": "6.0.3",
        "terser": "^5.39.0",
        "ts-essentials": "10.0.4",
        "tsup": "8.3.6",
        "typescript": "5.7.3",
        "vitest": "3.0.6",
        "wait-for-expect": "3.0.2"
      },
      "engines": {
        "node": ">=18"
      },
      "peerDependencies": {
        "@microsoft/api-extractor": "^7.36.0",
        "@swc/core": "^1",
        "postcss": "^8.4.12",
        "typescript": ">=4.5.0"
      },
      "peerDependenciesMeta": {
        "@microsoft/api-extractor": {
          "optional": true
        },
        "@swc/core": {
          "optional": true
        },
        "postcss": {
          "optional": true
        },
        "typescript": {
          "optional": true
        }
      }
    },
    "node_modules/@hermis/solana-headless-format-config": {
      "resolved": "../../node_modules/.pnpm/@hermis+solana-headless-format-config@1.0.5/node_modules/@hermis/solana-headless-format-config",
      "link": true
    },
    "node_modules/@noble/ed25519": {
      "resolved": "../../node_modules/.pnpm/@noble+ed25519@2.3.0/node_modules/@noble/ed25519",
      "link": true
    },
    "node_modules/@noble/hashes": {
      "version": "2.0.1",
      "resolved": "https://registry.npmjs.org/@noble/hashes/-/hashes-2.0.1.tgz",
      "integrity": "sha512-XlOlEbQcE9fmuXxrVTXCTlG2nlRXa9Rj3rr5Ue/+tX+nmkgbX720YHh0VR3hBF9xDvwnb8D2shVGOwNx+ulArw==",
      "license": "MIT",
      "engines": {
        "node": ">= 20.19.0"
      },
      "funding": {
        "url": "https://paulmillr.com/funding/"
      }
    },
    "node_modules/@solana/kit": {
      "resolved": "../../node_modules/.pnpm/@solana+kit@3.0.2_fastestsmallesttextencoderdecoder@1.0.22_typescript@5.9.2_ws@8.18.3_b_2318f1d82c8e2987dccf7446baa1e5f0/node_modules/@solana/kit",
      "link": true
    },
    "node_modules/@solana/spl-token": {
      "resolved": "../../node_modules/.pnpm/@solana+spl-token@0.4.14_@solana+web3.js@1.98.4_bufferutil@4.0.9_typescript@5.9.2_utf-8_bd81476f4b8d1dde3aeb159c73021f82/node_modules/@solana/spl-token",
      "link": true
    },
    "node_modules/@solana/wallet-adapter-base": {
      "resolved": "../../node_modules/.pnpm/@solana+wallet-adapter-base@0.9.27_@solana+web3.js@1.98.4_bufferutil@4.0.9_typescript@5.9.2_utf-8-validate@5.0.10_/node_modules/@solana/wallet-adapter-base",
      "link": true
    },
    "node_modules/@solana/web3.js": {
      "resolved": "../../node_modules/.pnpm/@solana+web3.js@1.98.4_bufferutil@4.0.9_typescript@5.9.2_utf-8-validate@5.0.10/node_modules/@solana/web3.js",
      "link": true
    },
    "node_modules/@types/node": {
      "resolved": "../../node_modules/.pnpm/@types+node@22.18.1/node_modules/@types/node",
      "link": true
    },
    "node_modules/base-x": {
      "version": "5.0.1",
      "resolved": "https://registry.npmjs.org/base-x/-/base-x-5.0.1.tgz",
      "integrity": "sha512-M7uio8Zt++eg3jPj+rHMfCC+IuygQHHCOU+IYsVtik6FWjuYpVt/+MRKcgsAMHh8mMFAwnB+Bs+mTrFiXjMzKg==",
      "license": "MIT"
    },
    "node_modules/bs58": {
      "version": "6.0.0",
      "resolved": "https://registry.npmjs.org/bs58/-/bs58-6.0.0.tgz",
      "integrity": "sha512-PD0wEnEYg6ijszw/u8s+iI3H17cTymlrwkKhDhPZq+Sokl3AU4htyBFTjAeNAlCCmg0f53g6ih3jATyCKftTfw==",
      "license": "MIT",
      "dependencies": {
        "base-x": "^5.0.0"
      }
    },
    "node_modules/buffer": {
      "resolved": "../../node_modules/.pnpm/buffer@6.0.3/node_modules/buffer",
      "link": true
    },
    "node_modules/tsup": {
      "resolved": "../../node_modules/.pnpm/tsup@8.5.0_@swc+core@1.13.5_@swc+helpers@0.5.17__postcss@8.5.6_typescript@5.9.2/node_modules/tsup",
      "link": true
    }
  }
}
